
Microsoft Visual Studio Solution File, Format Version 12.00
# Visual Studio Version 16
VisualStudioVersion = 16.0.31424.327
MinimumVisualStudioVersion = 10.0.40219.1
Project("{FAE04EC0-301F-11D3-BF4B-00C04F79EFBC}") = "ImageFilters", "ImageFilters\ImageFilters.csproj", "{543720D9-2C94-4048-BDCC-9025F2FB23CB}"
EndProject
Global
	GlobalSection(SolutionConfigurationPlatforms) = preSolution
		Debug|Any CPU = Debug|Any CPU
		Release|Any CPU = Release|Any CPU
	EndGlobalSection
	GlobalSection(ProjectConfigurationPlatforms) = postSolution
		{543720D9-2C94-4048-BDCC-9025F2FB23CB}.Debug|Any CPU.ActiveCfg = Debug|Any CPU
		{543720D9-2C94-4048-BDCC-9025F2FB23CB}.Debug|Any CPU.Build.0 = Debug|Any CPU
		{543720D9-2C94-4048-BDCC-9025F2FB23CB}.Release|Any CPU.ActiveCfg = Release|Any CPU
		{543720D9-2C94-4048-BDCC-9025F2FB23CB}.Release|Any CPU.Build.0 = Release|Any CPU
	EndGlobalSection
	GlobalSection(SolutionProperties) = preSolution
		HideSolutionNode = FALSE
	EndGlobalSection
	GlobalSection(ExtensibilityGlobals) = postSolution
		SolutionGuid = {CAE7F4CC-78A8-47F2-841E-3E5B108F5A0C}
	EndGlobalSection
EndGlobal
